// !$*UTF8*$!
{
	archiveVersion = 1;
	classes = {
	};
	objectVersion = 46;
	objects = {

/* Begin PBXBuildFile section */
		C0005CF21EB8AC6A006D6ADD /* AlbumVideoPickerController.m in Sources */ = {isa = PBXBuildFile; fileRef = C0005CF11EB8AC6A006D6ADD /* AlbumVideoPickerController.m */; };
		C02BE9EE1EC34AF9001F9D88 /* ScreenToast.m in Sources */ = {isa = PBXBuildFile; fileRef = C02BE9ED1EC34AF9001F9D88 /* ScreenToast.m */; };
		C0573D0F1F1F808400AEA84F /* DatabaseManager.m in Sources */ = {isa = PBXBuildFile; fileRef = C0573D0E1F1F808400AEA84F /* DatabaseManager.m */; };
		C0573D121F1F883300AEA84F /* DbInstance.m in Sources */ = {isa = PBXBuildFile; fileRef = C0573D111F1F883300AEA84F /* DbInstance.m */; };
		C0573D141F1F8DB100AEA84F /* libsqlite3.dylib in Frameworks */ = {isa = PBXBuildFile; fileRef = C0573D131F1F8DB100AEA84F /* libsqlite3.dylib */; };
		C069A1FB1E98E7F300D678EC /* VRPlayerViewController.m in Sources */ = {isa = PBXBuildFile; fileRef = C069A1FA1E98E7F300D678EC /* VRPlayerViewController.m */; };
		C069A1FE1E98EDE300D678EC /* GLVRPainter.m in Sources */ = {isa = PBXBuildFile; fileRef = C069A1FD1E98EDE300D678EC /* GLVRPainter.m */; };
		C06B03511D7BF9100031B49E /* main.m in Sources */ = {isa = PBXBuildFile; fileRef = C06B03501D7BF9100031B49E /* main.m */; };
		C06B03541D7BF9100031B49E /* AppDelegate.m in Sources */ = {isa = PBXBuildFile; fileRef = C06B03531D7BF9100031B49E /* AppDelegate.m */; };
		C06B035A1D7BF9100031B49E /* Main.storyboard in Resources */ = {isa = PBXBuildFile; fileRef = C06B03581D7BF9100031B49E /* Main.storyboard */; };
		C06B035D1D7BF9100031B49E /* openGLDemo.xcdatamodeld in Sources */ = {isa = PBXBuildFile; fileRef = C06B035B1D7BF9100031B49E /* openGLDemo.xcdatamodeld */; };
		C06B035F1D7BF9100031B49E /* Assets.xcassets in Resources */ = {isa = PBXBuildFile; fileRef = C06B035E1D7BF9100031B49E /* Assets.xcassets */; };
		C06B03621D7BF9100031B49E /* LaunchScreen.storyboard in Resources */ = {isa = PBXBuildFile; fileRef = C06B03601D7BF9100031B49E /* LaunchScreen.storyboard */; };
		C06B036D1D7BF9110031B49E /* openGLDemoTests.m in Sources */ = {isa = PBXBuildFile; fileRef = C06B036C1D7BF9110031B49E /* openGLDemoTests.m */; };
		C06B03781D7BF9110031B49E /* openGLDemoUITests.m in Sources */ = {isa = PBXBuildFile; fileRef = C06B03771D7BF9110031B49E /* openGLDemoUITests.m */; };
		C06B038D1D7BF95B0031B49E /* openGLCubeView.m in Sources */ = {isa = PBXBuildFile; fileRef = C06B03861D7BF95B0031B49E /* openGLCubeView.m */; };
		C07E50911E9274800035F14E /* GLYUVPainter.m in Sources */ = {isa = PBXBuildFile; fileRef = C07E50901E9274800035F14E /* GLYUVPainter.m */; };
		C07EF2ED1E6C15C300039924 /* libGLImage.a in Frameworks */ = {isa = PBXBuildFile; fileRef = C0865A3D1DF154BC008C50DB /* libGLImage.a */; };
		C07EF3511E7028E300039924 /* UIImage+scaledToSize.m in Sources */ = {isa = PBXBuildFile; fileRef = C07EF3501E7028E300039924 /* UIImage+scaledToSize.m */; };
		C07EF3561E7028EE00039924 /* VideoDecoder.m in Sources */ = {isa = PBXBuildFile; fileRef = C07EF3531E7028EE00039924 /* VideoDecoder.m */; };
		C07EF3571E7028EE00039924 /* VideoEncoder.m in Sources */ = {isa = PBXBuildFile; fileRef = C07EF3551E7028EE00039924 /* VideoEncoder.m */; };
		C07EF35E1E702D8300039924 /* videoCapturer.m in Sources */ = {isa = PBXBuildFile; fileRef = C07EF35D1E702D8300039924 /* videoCapturer.m */; };
		C08BFA181E03E997000BC6A5 /* GLBeautyPainter.m in Sources */ = {isa = PBXBuildFile; fileRef = C08BFA171E03E997000BC6A5 /* GLBeautyPainter.m */; };
		C090C8051F209E86008C28B2 /* DBResultSet.m in Sources */ = {isa = PBXBuildFile; fileRef = C090C8041F209E86008C28B2 /* DBResultSet.m */; };
		C09C01CB1E7183D90008AE0D /* dataController.m in Sources */ = {isa = PBXBuildFile; fileRef = C09C01CA1E7183D90008AE0D /* dataController.m */; };
		C09C01F91E7788E70008AE0D /* offScreenContext.m in Sources */ = {isa = PBXBuildFile; fileRef = C09C01F81E7788E70008AE0D /* offScreenContext.m */; };
		C09C02051E7810430008AE0D /* AudioCapturer.m in Sources */ = {isa = PBXBuildFile; fileRef = C09C02041E7810430008AE0D /* AudioCapturer.m */; };
		C09C020E1E7929320008AE0D /* Utility.m in Sources */ = {isa = PBXBuildFile; fileRef = C09C020D1E7929320008AE0D /* Utility.m */; };
		C09C023A1E7ECC6E0008AE0D /* RecordButton.m in Sources */ = {isa = PBXBuildFile; fileRef = C09C02391E7ECC6E0008AE0D /* RecordButton.m */; };
		C09C025B1E80ED4E0008AE0D /* CameraDataController.m in Sources */ = {isa = PBXBuildFile; fileRef = C09C02581E80ED4E0008AE0D /* CameraDataController.m */; };
		C09C025C1E80ED4E0008AE0D /* MainViewController.m in Sources */ = {isa = PBXBuildFile; fileRef = C09C025A1E80ED4E0008AE0D /* MainViewController.m */; };
		C09C02611E80F14F0008AE0D /* DanmakuInputView.m in Sources */ = {isa = PBXBuildFile; fileRef = C09C02601E80F14F0008AE0D /* DanmakuInputView.m */; };
		C0B5B51C1EB5E74D00EE08BB /* VrPlayerAudioDataController.m in Sources */ = {isa = PBXBuildFile; fileRef = C0B5B51B1EB5E74D00EE08BB /* VrPlayerAudioDataController.m */; };
		C0E7AC7F1EE3069400769787 /* PermissionInterceptor.m in Sources */ = {isa = PBXBuildFile; fileRef = C0E7AC7E1EE3069300769787 /* PermissionInterceptor.m */; };
		C0E7AC8E1EE3FEFA00769787 /* ImageProcessingDataController.m in Sources */ = {isa = PBXBuildFile; fileRef = C0E7AC8D1EE3FEFA00769787 /* ImageProcessingDataController.m */; };
/* End PBXBuildFile section */

/* Begin PBXContainerItemProxy section */
		C06B03691D7BF9110031B49E /* PBXContainerItemProxy */ = {
			isa = PBXContainerItemProxy;
			containerPortal = C06B03441D7BF9100031B49E /* Project object */;
			proxyType = 1;
			remoteGlobalIDString = C06B034B1D7BF9100031B49E;
			remoteInfo = openGLDemo;
		};
		C06B03741D7BF9110031B49E /* PBXContainerItemProxy */ = {
			isa = PBXContainerItemProxy;
			containerPortal = C06B03441D7BF9100031B49E /* Project object */;
			proxyType = 1;
			remoteGlobalIDString = C06B034B1D7BF9100031B49E;
			remoteInfo = openGLDemo;
		};
		C0865A3C1DF154BC008C50DB /* PBXContainerItemProxy */ = {
			isa = PBXContainerItemProxy;
			containerPortal = C0865A381DF154BC008C50DB /* GLImage.xcodeproj */;
			proxyType = 2;
			remoteGlobalIDString = C04E0ECC1DEE737100318A01;
			remoteInfo = GLImage;
		};
/* End PBXContainerItemProxy section */

/* Begin PBXCopyFilesBuildPhase section */
		C07EF2E31E6A718400039924 /* Embed App Extensions */ = {
			isa = PBXCopyFilesBuildPhase;
			buildActionMask = 2147483647;
			dstPath = "";
			dstSubfolderSpec = 13;
			files = (
			);
			name = "Embed App Extensions";
			runOnlyForDeploymentPostprocessing = 0;
		};
/* End PBXCopyFilesBuildPhase section */

/* Begin PBXFileReference section */
		071C8852D888E1AAF6A766D3 /* Pods-openGLDemo.release.xcconfig */ = {isa = PBXFileReference; includeInIndex = 1; lastKnownFileType = text.xcconfig; name = "Pods-openGLDemo.release.xcconfig"; path = "Pods/Target Support Files/Pods-openGLDemo/Pods-openGLDemo.release.xcconfig"; sourceTree = "<group>"; };
		2570A338E2F941762DC91856 /* Pods-openGLDemo.debug.xcconfig */ = {isa = PBXFileReference; includeInIndex = 1; lastKnownFileType = text.xcconfig; name = "Pods-openGLDemo.debug.xcconfig"; path = "Pods/Target Support Files/Pods-openGLDemo/Pods-openGLDemo.debug.xcconfig"; sourceTree = "<group>"; };
		C0005CF01EB8AC6A006D6ADD /* AlbumVideoPickerController.h */ = {isa = PBXFileReference; fileEncoding = 4; lastKnownFileType = sourcecode.c.h; path = AlbumVideoPickerController.h; sourceTree = "<group>"; };
		C0005CF11EB8AC6A006D6ADD /* AlbumVideoPickerController.m */ = {isa = PBXFileReference; fileEncoding = 4; lastKnownFileType = sourcecode.c.objc; path = AlbumVideoPickerController.m; sourceTree = "<group>"; };
		C02BE9EC1EC34AF9001F9D88 /* ScreenToast.h */ = {isa = PBXFileReference; fileEncoding = 4; lastKnownFileType = sourcecode.c.h; path = ScreenToast.h; sourceTree = "<group>"; };
		C02BE9ED1EC34AF9001F9D88 /* ScreenToast.m */ = {isa = PBXFileReference; fileEncoding = 4; lastKnownFileType = sourcecode.c.objc; path = ScreenToast.m; sourceTree = "<group>"; };
		C0573D0D1F1F808400AEA84F /* DatabaseManager.h */ = {isa = PBXFileReference; fileEncoding = 4; lastKnownFileType = sourcecode.c.h; path = DatabaseManager.h; sourceTree = "<group>"; };
		C0573D0E1F1F808400AEA84F /* DatabaseManager.m */ = {isa = PBXFileReference; fileEncoding = 4; lastKnownFileType = sourcecode.c.objc; path = DatabaseManager.m; sourceTree = "<group>"; };
		C0573D101F1F883300AEA84F /* DbInstance.h */ = {isa = PBXFileReference; fileEncoding = 4; lastKnownFileType = sourcecode.c.h; path = DbInstance.h; sourceTree = "<group>"; };
		C0573D111F1F883300AEA84F /* DbInstance.m */ = {isa = PBXFileReference; fileEncoding = 4; lastKnownFileType = sourcecode.c.objc; path = DbInstance.m; sourceTree = "<group>"; };
		C0573D131F1F8DB100AEA84F /* libsqlite3.dylib */ = {isa = PBXFileReference; lastKnownFileType = "compiled.mach-o.dylib"; name = libsqlite3.dylib; path = ../../../../../usr/lib/libsqlite3.dylib; sourceTree = "<group>"; };
		C0573D151F1F8EAF00AEA84F /* libsqlite3.tbd */ = {isa = PBXFileReference; lastKnownFileType = "sourcecode.text-based-dylib-definition"; name = libsqlite3.tbd; path = usr/lib/libsqlite3.tbd; sourceTree = SDKROOT; };
		C0573D181F20516800AEA84F /* libtclsqlite3.dylib */ = {isa = PBXFileReference; lastKnownFileType = "compiled.mach-o.dylib"; name = libtclsqlite3.dylib; path = ../../../../../System/Library/Tcl/sqlite3/libtclsqlite3.dylib; sourceTree = "<group>"; };
		C069A1F91E98E7F300D678EC /* VRPlayerViewController.h */ = {isa = PBXFileReference; fileEncoding = 4; lastKnownFileType = sourcecode.c.h; path = VRPlayerViewController.h; sourceTree = "<group>"; };
		C069A1FA1E98E7F300D678EC /* VRPlayerViewController.m */ = {isa = PBXFileReference; fileEncoding = 4; lastKnownFileType = sourcecode.c.objc; path = VRPlayerViewController.m; sourceTree = "<group>"; };
		C069A1FC1E98EDE300D678EC /* GLVRPainter.h */ = {isa = PBXFileReference; fileEncoding = 4; lastKnownFileType = sourcecode.c.h; path = GLVRPainter.h; sourceTree = "<group>"; };
		C069A1FD1E98EDE300D678EC /* GLVRPainter.m */ = {isa = PBXFileReference; fileEncoding = 4; lastKnownFileType = sourcecode.c.objc; path = GLVRPainter.m; sourceTree = "<group>"; };
		C06B034C1D7BF9100031B49E /* openGLDemo.app */ = {isa = PBXFileReference; explicitFileType = wrapper.application; includeInIndex = 0; path = openGLDemo.app; sourceTree = BUILT_PRODUCTS_DIR; };
		C06B03501D7BF9100031B49E /* main.m */ = {isa = PBXFileReference; lastKnownFileType = sourcecode.c.objc; path = main.m; sourceTree = "<group>"; };
		C06B03521D7BF9100031B49E /* AppDelegate.h */ = {isa = PBXFileReference; lastKnownFileType = sourcecode.c.h; path = AppDelegate.h; sourceTree = "<group>"; };
		C06B03531D7BF9100031B49E /* AppDelegate.m */ = {isa = PBXFileReference; lastKnownFileType = sourcecode.c.objc; path = AppDelegate.m; sourceTree = "<group>"; };
		C06B03591D7BF9100031B49E /* Base */ = {isa = PBXFileReference; lastKnownFileType = file.storyboard; name = Base; path = Base.lproj/Main.storyboard; sourceTree = "<group>"; };
		C06B035C1D7BF9100031B49E /* openGLDemo.xcdatamodel */ = {isa = PBXFileReference; lastKnownFileType = wrapper.xcdatamodel; path = openGLDemo.xcdatamodel; sourceTree = "<group>"; };
		C06B035E1D7BF9100031B49E /* Assets.xcassets */ = {isa = PBXFileReference; lastKnownFileType = folder.assetcatalog; path = Assets.xcassets; sourceTree = "<group>"; };
		C06B03611D7BF9100031B49E /* Base */ = {isa = PBXFileReference; lastKnownFileType = file.storyboard; name = Base; path = Base.lproj/LaunchScreen.storyboard; sourceTree = "<group>"; };
		C06B03631D7BF9100031B49E /* Info.plist */ = {isa = PBXFileReference; lastKnownFileType = text.plist.xml; path = Info.plist; sourceTree = "<group>"; };
		C06B03681D7BF9110031B49E /* openGLDemoTests.xctest */ = {isa = PBXFileReference; explicitFileType = wrapper.cfbundle; includeInIndex = 0; path = openGLDemoTests.xctest; sourceTree = BUILT_PRODUCTS_DIR; };
		C06B036C1D7BF9110031B49E /* openGLDemoTests.m */ = {isa = PBXFileReference; lastKnownFileType = sourcecode.c.objc; path = openGLDemoTests.m; sourceTree = "<group>"; };
		C06B036E1D7BF9110031B49E /* Info.plist */ = {isa = PBXFileReference; lastKnownFileType = text.plist.xml; path = Info.plist; sourceTree = "<group>"; };
		C06B03731D7BF9110031B49E /* openGLDemoUITests.xctest */ = {isa = PBXFileReference; explicitFileType = wrapper.cfbundle; includeInIndex = 0; path = openGLDemoUITests.xctest; sourceTree = BUILT_PRODUCTS_DIR; };
		C06B03771D7BF9110031B49E /* openGLDemoUITests.m */ = {isa = PBXFileReference; lastKnownFileType = sourcecode.c.objc; path = openGLDemoUITests.m; sourceTree = "<group>"; };
		C06B03791D7BF9110031B49E /* Info.plist */ = {isa = PBXFileReference; lastKnownFileType = text.plist.xml; path = Info.plist; sourceTree = "<group>"; };
		C06B03851D7BF95B0031B49E /* openGLCubeView.h */ = {isa = PBXFileReference; fileEncoding = 4; lastKnownFileType = sourcecode.c.h; path = openGLCubeView.h; sourceTree = "<group>"; };
		C06B03861D7BF95B0031B49E /* openGLCubeView.m */ = {isa = PBXFileReference; fileEncoding = 4; lastKnownFileType = sourcecode.c.objc; path = openGLCubeView.m; sourceTree = "<group>"; };
		C07E508F1E9274800035F14E /* GLYUVPainter.h */ = {isa = PBXFileReference; fileEncoding = 4; lastKnownFileType = sourcecode.c.h; path = GLYUVPainter.h; sourceTree = "<group>"; };
		C07E50901E9274800035F14E /* GLYUVPainter.m */ = {isa = PBXFileReference; fileEncoding = 4; lastKnownFileType = sourcecode.c.objc; path = GLYUVPainter.m; sourceTree = "<group>"; };
		C07EF2D11E6A718400039924 /* PhotosUI.framework */ = {isa = PBXFileReference; lastKnownFileType = wrapper.framework; name = PhotosUI.framework; path = System/Library/Frameworks/PhotosUI.framework; sourceTree = SDKROOT; };
		C07EF2D31E6A718400039924 /* Photos.framework */ = {isa = PBXFileReference; lastKnownFileType = wrapper.framework; name = Photos.framework; path = System/Library/Frameworks/Photos.framework; sourceTree = SDKROOT; };
		C07EF2E41E6BCB2300039924 /* CoreText.framework */ = {isa = PBXFileReference; lastKnownFileType = wrapper.framework; name = CoreText.framework; path = System/Library/Frameworks/CoreText.framework; sourceTree = SDKROOT; };
		C07EF34B1E7021B100039924 /* runloopTest.h */ = {isa = PBXFileReference; lastKnownFileType = sourcecode.c.h; path = runloopTest.h; sourceTree = "<group>"; };
		C07EF34E1E70269700039924 /* openGLDemo-Prefix.pch */ = {isa = PBXFileReference; lastKnownFileType = sourcecode.c.h; path = "openGLDemo-Prefix.pch"; sourceTree = "<group>"; };
		C07EF34F1E7028E300039924 /* UIImage+scaledToSize.h */ = {isa = PBXFileReference; fileEncoding = 4; lastKnownFileType = sourcecode.c.h; path = "UIImage+scaledToSize.h"; sourceTree = "<group>"; };
		C07EF3501E7028E300039924 /* UIImage+scaledToSize.m */ = {isa = PBXFileReference; fileEncoding = 4; lastKnownFileType = sourcecode.c.objc; path = "UIImage+scaledToSize.m"; sourceTree = "<group>"; };
		C07EF3521E7028EE00039924 /* VideoDecoder.h */ = {isa = PBXFileReference; fileEncoding = 4; lastKnownFileType = sourcecode.c.h; path = VideoDecoder.h; sourceTree = "<group>"; };
		C07EF3531E7028EE00039924 /* VideoDecoder.m */ = {isa = PBXFileReference; fileEncoding = 4; lastKnownFileType = sourcecode.c.objc; path = VideoDecoder.m; sourceTree = "<group>"; };
		C07EF3541E7028EE00039924 /* VideoEncoder.h */ = {isa = PBXFileReference; fileEncoding = 4; lastKnownFileType = sourcecode.c.h; path = VideoEncoder.h; sourceTree = "<group>"; };
		C07EF3551E7028EE00039924 /* VideoEncoder.m */ = {isa = PBXFileReference; fileEncoding = 4; lastKnownFileType = sourcecode.c.objc; path = VideoEncoder.m; sourceTree = "<group>"; };
		C07EF35C1E702D8300039924 /* videoCapturer.h */ = {isa = PBXFileReference; fileEncoding = 4; lastKnownFileType = sourcecode.c.h; path = videoCapturer.h; sourceTree = "<group>"; };
		C07EF35D1E702D8300039924 /* videoCapturer.m */ = {isa = PBXFileReference; fileEncoding = 4; lastKnownFileType = sourcecode.c.objc; path = videoCapturer.m; sourceTree = "<group>"; };
		C07EF35F1E7033BA00039924 /* videoCapturerDelegate.h */ = {isa = PBXFileReference; lastKnownFileType = sourcecode.c.h; path = videoCapturerDelegate.h; sourceTree = "<group>"; };
		C0865A381DF154BC008C50DB /* GLImage.xcodeproj */ = {isa = PBXFileReference; lastKnownFileType = "wrapper.pb-project"; name = GLImage.xcodeproj; path = ../../../GitHub/GLImage/GLImage.xcodeproj; sourceTree = "<group>"; };
		C08BFA161E03E997000BC6A5 /* GLBeautyPainter.h */ = {isa = PBXFileReference; fileEncoding = 4; lastKnownFileType = sourcecode.c.h; path = GLBeautyPainter.h; sourceTree = "<group>"; };
		C08BFA171E03E997000BC6A5 /* GLBeautyPainter.m */ = {isa = PBXFileReference; fileEncoding = 4; lastKnownFileType = sourcecode.c.objc; path = GLBeautyPainter.m; sourceTree = "<group>"; };
		C090C8031F209E86008C28B2 /* DBResultSet.h */ = {isa = PBXFileReference; fileEncoding = 4; lastKnownFileType = sourcecode.c.h; path = DBResultSet.h; sourceTree = "<group>"; };
		C090C8041F209E86008C28B2 /* DBResultSet.m */ = {isa = PBXFileReference; fileEncoding = 4; lastKnownFileType = sourcecode.c.objc; path = DBResultSet.m; sourceTree = "<group>"; };
		C09C01C91E7183D90008AE0D /* dataController.h */ = {isa = PBXFileReference; fileEncoding = 4; lastKnownFileType = sourcecode.c.h; path = dataController.h; sourceTree = "<group>"; };
		C09C01CA1E7183D90008AE0D /* dataController.m */ = {isa = PBXFileReference; fileEncoding = 4; lastKnownFileType = sourcecode.c.objc; path = dataController.m; sourceTree = "<group>"; };
		C09C01F71E7788E70008AE0D /* offScreenContext.h */ = {isa = PBXFileReference; fileEncoding = 4; lastKnownFileType = sourcecode.c.h; path = offScreenContext.h; sourceTree = "<group>"; };
		C09C01F81E7788E70008AE0D /* offScreenContext.m */ = {isa = PBXFileReference; fileEncoding = 4; lastKnownFileType = sourcecode.c.objc; path = offScreenContext.m; sourceTree = "<group>"; };
		C09C02031E7810430008AE0D /* AudioCapturer.h */ = {isa = PBXFileReference; fileEncoding = 4; lastKnownFileType = sourcecode.c.h; path = AudioCapturer.h; sourceTree = "<group>"; };
		C09C02041E7810430008AE0D /* AudioCapturer.m */ = {isa = PBXFileReference; fileEncoding = 4; lastKnownFileType = sourcecode.c.objc; path = AudioCapturer.m; sourceTree = "<group>"; };
		C09C020C1E7929320008AE0D /* Utility.h */ = {isa = PBXFileReference; fileEncoding = 4; lastKnownFileType = sourcecode.c.h; path = Utility.h; sourceTree = "<group>"; };
		C09C020D1E7929320008AE0D /* Utility.m */ = {isa = PBXFileReference; fileEncoding = 4; lastKnownFileType = sourcecode.c.objc; path = Utility.m; sourceTree = "<group>"; };
		C09C02381E7ECC6E0008AE0D /* RecordButton.h */ = {isa = PBXFileReference; fileEncoding = 4; lastKnownFileType = sourcecode.c.h; path = RecordButton.h; sourceTree = "<group>"; };
		C09C02391E7ECC6E0008AE0D /* RecordButton.m */ = {isa = PBXFileReference; fileEncoding = 4; lastKnownFileType = sourcecode.c.objc; path = RecordButton.m; sourceTree = "<group>"; };
		C09C02571E80ED4E0008AE0D /* CameraDataController.h */ = {isa = PBXFileReference; fileEncoding = 4; lastKnownFileType = sourcecode.c.h; path = CameraDataController.h; sourceTree = "<group>"; };
		C09C02581E80ED4E0008AE0D /* CameraDataController.m */ = {isa = PBXFileReference; fileEncoding = 4; lastKnownFileType = sourcecode.c.objc; path = CameraDataController.m; sourceTree = "<group>"; };
		C09C02591E80ED4E0008AE0D /* MainViewController.h */ = {isa = PBXFileReference; fileEncoding = 4; lastKnownFileType = sourcecode.c.h; path = MainViewController.h; sourceTree = "<group>"; };
		C09C025A1E80ED4E0008AE0D /* MainViewController.m */ = {isa = PBXFileReference; fileEncoding = 4; lastKnownFileType = sourcecode.c.objc; path = MainViewController.m; sourceTree = "<group>"; };
		C09C025F1E80F14F0008AE0D /* DanmakuInputView.h */ = {isa = PBXFileReference; fileEncoding = 4; lastKnownFileType = sourcecode.c.h; path = DanmakuInputView.h; sourceTree = "<group>"; };
		C09C02601E80F14F0008AE0D /* DanmakuInputView.m */ = {isa = PBXFileReference; fileEncoding = 4; lastKnownFileType = sourcecode.c.objc; path = DanmakuInputView.m; sourceTree = "<group>"; };
		C0B5B51A1EB5E74C00EE08BB /* VrPlayerAudioDataController.h */ = {isa = PBXFileReference; fileEncoding = 4; lastKnownFileType = sourcecode.c.h; path = VrPlayerAudioDataController.h; sourceTree = "<group>"; };
		C0B5B51B1EB5E74D00EE08BB /* VrPlayerAudioDataController.m */ = {isa = PBXFileReference; fileEncoding = 4; lastKnownFileType = sourcecode.c.objc; path = VrPlayerAudioDataController.m; sourceTree = "<group>"; };
		C0E7AC7D1EE3069300769787 /* PermissionInterceptor.h */ = {isa = PBXFileReference; fileEncoding = 4; lastKnownFileType = sourcecode.c.h; path = PermissionInterceptor.h; sourceTree = "<group>"; };
		C0E7AC7E1EE3069300769787 /* PermissionInterceptor.m */ = {isa = PBXFileReference; fileEncoding = 4; lastKnownFileType = sourcecode.c.objc; path = PermissionInterceptor.m; sourceTree = "<group>"; };
		C0E7AC8C1EE3FEFA00769787 /* ImageProcessingDataController.h */ = {isa = PBXFileReference; fileEncoding = 4; lastKnownFileType = sourcecode.c.h; path = ImageProcessingDataController.h; sourceTree = "<group>"; };
		C0E7AC8D1EE3FEFA00769787 /* ImageProcessingDataController.m */ = {isa = PBXFileReference; fileEncoding = 4; lastKnownFileType = sourcecode.c.objc; path = ImageProcessingDataController.m; sourceTree = "<group>"; };
/* End PBXFileReference section */

/* Begin PBXFrameworksBuildPhase section */
		C06B03491D7BF9100031B49E /* Frameworks */ = {
			isa = PBXFrameworksBuildPhase;
			buildActionMask = 2147483647;
			files = (
				C0573D141F1F8DB100AEA84F /* libsqlite3.dylib in Frameworks */,
				C07EF2ED1E6C15C300039924 /* libGLImage.a in Frameworks */,
			);
			runOnlyForDeploymentPostprocessing = 0;
		};
		C06B03651D7BF9110031B49E /* Frameworks */ = {
			isa = PBXFrameworksBuildPhase;
			buildActionMask = 2147483647;
			files = (
			);
			runOnlyForDeploymentPostprocessing = 0;
		};
		C06B03701D7BF9110031B49E /* Frameworks */ = {
			isa = PBXFrameworksBuildPhase;
			buildActionMask = 2147483647;
			files = (
			);
			runOnlyForDeploymentPostprocessing = 0;
		};
/* End PBXFrameworksBuildPhase section */

/* Begin PBXGroup section */
		5AD9D5E884ACDFD3A8295B20 /* Pods */ = {
			isa = PBXGroup;
			children = (
				2570A338E2F941762DC91856 /* Pods-openGLDemo.debug.xcconfig */,
				071C8852D888E1AAF6A766D3 /* Pods-openGLDemo.release.xcconfig */,
			);
			name = Pods;
			sourceTree = "<group>";
		};
		C0573D0B1F1F7FFA00AEA84F /* database */ = {
			isa = PBXGroup;
			children = (
				C0573D0D1F1F808400AEA84F /* DatabaseManager.h */,
				C0573D0E1F1F808400AEA84F /* DatabaseManager.m */,
				C0573D101F1F883300AEA84F /* DbInstance.h */,
				C0573D111F1F883300AEA84F /* DbInstance.m */,
				C090C8031F209E86008C28B2 /* DBResultSet.h */,
				C090C8041F209E86008C28B2 /* DBResultSet.m */,
			);
			path = database;
			sourceTree = "<group>";
		};
		C069A1F71E98E7C000D678EC /* player */ = {
			isa = PBXGroup;
			children = (
				C069A1F91E98E7F300D678EC /* VRPlayerViewController.h */,
				C069A1FA1E98E7F300D678EC /* VRPlayerViewController.m */,
				C0B5B51A1EB5E74C00EE08BB /* VrPlayerAudioDataController.h */,
				C0B5B51B1EB5E74D00EE08BB /* VrPlayerAudioDataController.m */,
			);
			path = player;
			sourceTree = "<group>";
		};
		C06B03431D7BF9100031B49E = {
			isa = PBXGroup;
			children = (
				C06B034E1D7BF9100031B49E /* openGLDemo */,
				C06B036B1D7BF9110031B49E /* openGLDemoTests */,
				C06B03761D7BF9110031B49E /* openGLDemoUITests */,
				C07EF2D01E6A718400039924 /* Frameworks */,
				C06B034D1D7BF9100031B49E /* Products */,
				5AD9D5E884ACDFD3A8295B20 /* Pods */,
			);
			sourceTree = "<group>";
		};
		C06B034D1D7BF9100031B49E /* Products */ = {
			isa = PBXGroup;
			children = (
				C06B034C1D7BF9100031B49E /* openGLDemo.app */,
				C06B03681D7BF9110031B49E /* openGLDemoTests.xctest */,
				C06B03731D7BF9110031B49E /* openGLDemoUITests.xctest */,
			);
			name = Products;
			sourceTree = "<group>";
		};
		C06B034E1D7BF9100031B49E /* openGLDemo */ = {
			isa = PBXGroup;
			children = (
				C09C025D1E80ED830008AE0D /* views */,
				C09C02511E80ECCC0008AE0D /* controllers */,
				C09C024F1E80EB200008AE0D /* supportingModel */,
				C07EF34D1E70238500039924 /* utilities */,
				C06B03521D7BF9100031B49E /* AppDelegate.h */,
				C06B03531D7BF9100031B49E /* AppDelegate.m */,
				C06B03581D7BF9100031B49E /* Main.storyboard */,
				C06B035E1D7BF9100031B49E /* Assets.xcassets */,
				C06B03601D7BF9100031B49E /* LaunchScreen.storyboard */,
				C06B03631D7BF9100031B49E /* Info.plist */,
				C06B035B1D7BF9100031B49E /* openGLDemo.xcdatamodeld */,
				C06B034F1D7BF9100031B49E /* Supporting Files */,
				C07EF34B1E7021B100039924 /* runloopTest.h */,
				C07EF34E1E70269700039924 /* openGLDemo-Prefix.pch */,
			);
			path = openGLDemo;
			sourceTree = "<group>";
		};
		C06B034F1D7BF9100031B49E /* Supporting Files */ = {
			isa = PBXGroup;
			children = (
				C06B03501D7BF9100031B49E /* main.m */,
			);
			name = "Supporting Files";
			sourceTree = "<group>";
		};
		C06B036B1D7BF9110031B49E /* openGLDemoTests */ = {
			isa = PBXGroup;
			children = (
				C06B036C1D7BF9110031B49E /* openGLDemoTests.m */,
				C06B036E1D7BF9110031B49E /* Info.plist */,
			);
			path = openGLDemoTests;
			sourceTree = "<group>";
		};
		C06B03761D7BF9110031B49E /* openGLDemoUITests */ = {
			isa = PBXGroup;
			children = (
				C06B03771D7BF9110031B49E /* openGLDemoUITests.m */,
				C06B03791D7BF9110031B49E /* Info.plist */,
			);
			path = openGLDemoUITests;
			sourceTree = "<group>";
		};
		C07EF2D01E6A718400039924 /* Frameworks */ = {
			isa = PBXGroup;
			children = (
				C0573D181F20516800AEA84F /* libtclsqlite3.dylib */,
				C0573D151F1F8EAF00AEA84F /* libsqlite3.tbd */,
				C0573D131F1F8DB100AEA84F /* libsqlite3.dylib */,
				C0865A381DF154BC008C50DB /* GLImage.xcodeproj */,
				C07EF2E41E6BCB2300039924 /* CoreText.framework */,
				C07EF2D11E6A718400039924 /* PhotosUI.framework */,
				C07EF2D31E6A718400039924 /* Photos.framework */,
			);
			name = Frameworks;
			sourceTree = "<group>";
		};
		C07EF34C1E70234D00039924 /* videoCoder */ = {
			isa = PBXGroup;
			children = (
				C07EF3521E7028EE00039924 /* VideoDecoder.h */,
				C07EF3531E7028EE00039924 /* VideoDecoder.m */,
				C07EF3541E7028EE00039924 /* VideoEncoder.h */,
				C07EF3551E7028EE00039924 /* VideoEncoder.m */,
			);
			path = videoCoder;
			sourceTree = "<group>";
		};
		C07EF34D1E70238500039924 /* utilities */ = {
			isa = PBXGroup;
			children = (
				C07EF34F1E7028E300039924 /* UIImage+scaledToSize.h */,
				C07EF3501E7028E300039924 /* UIImage+scaledToSize.m */,
				C09C020C1E7929320008AE0D /* Utility.h */,
				C09C020D1E7929320008AE0D /* Utility.m */,
				C02BE9EC1EC34AF9001F9D88 /* ScreenToast.h */,
				C02BE9ED1EC34AF9001F9D88 /* ScreenToast.m */,
			);
			path = utilities;
			sourceTree = "<group>";
		};
		C07EF35A1E702C2300039924 /* GLPaint */ = {
			isa = PBXGroup;
			children = (
				C08BFA161E03E997000BC6A5 /* GLBeautyPainter.h */,
				C08BFA171E03E997000BC6A5 /* GLBeautyPainter.m */,
				C06B03851D7BF95B0031B49E /* openGLCubeView.h */,
				C06B03861D7BF95B0031B49E /* openGLCubeView.m */,
				C07E508F1E9274800035F14E /* GLYUVPainter.h */,
				C07E50901E9274800035F14E /* GLYUVPainter.m */,
				C069A1FC1E98EDE300D678EC /* GLVRPainter.h */,
				C069A1FD1E98EDE300D678EC /* GLVRPainter.m */,
			);
			path = GLPaint;
			sourceTree = "<group>";
		};
		C07EF35B1E702D3400039924 /* videoCapture */ = {
			isa = PBXGroup;
			children = (
				C07EF35C1E702D8300039924 /* videoCapturer.h */,
				C07EF35D1E702D8300039924 /* videoCapturer.m */,
				C07EF35F1E7033BA00039924 /* videoCapturerDelegate.h */,
			);
			path = videoCapture;
			sourceTree = "<group>";
		};
		C0865A391DF154BC008C50DB /* Products */ = {
			isa = PBXGroup;
			children = (
				C0865A3D1DF154BC008C50DB /* libGLImage.a */,
			);
			name = Products;
			sourceTree = "<group>";
		};
		C09C01C81E7183C20008AE0D /* baseClass */ = {
			isa = PBXGroup;
			children = (
				C09C01C91E7183D90008AE0D /* dataController.h */,
				C09C01CA1E7183D90008AE0D /* dataController.m */,
			);
			name = baseClass;
			path = ../baseClass;
			sourceTree = "<group>";
		};
		C09C01F61E7787140008AE0D /* offScreenPaint */ = {
			isa = PBXGroup;
			children = (
				C09C01F71E7788E70008AE0D /* offScreenContext.h */,
				C09C01F81E7788E70008AE0D /* offScreenContext.m */,
			);
			path = offScreenPaint;
			sourceTree = "<group>";
		};
		C09C02021E7810290008AE0D /* audioCapture */ = {
			isa = PBXGroup;
			children = (
				C09C02031E7810430008AE0D /* AudioCapturer.h */,
				C09C02041E7810430008AE0D /* AudioCapturer.m */,
			);
			path = audioCapture;
			sourceTree = "<group>";
		};
		C09C024F1E80EB200008AE0D /* supportingModel */ = {
			isa = PBXGroup;
			children = (
				C0573D0B1F1F7FFA00AEA84F /* database */,
				C0E7AC7B1EE3065B00769787 /* interceptor */,
				C09C02021E7810290008AE0D /* audioCapture */,
				C09C01F61E7787140008AE0D /* offScreenPaint */,
				C07EF35B1E702D3400039924 /* videoCapture */,
				C07EF35A1E702C2300039924 /* GLPaint */,
				C07EF34C1E70234D00039924 /* videoCoder */,
			);
			path = supportingModel;
			sourceTree = "<group>";
		};
		C09C02511E80ECCC0008AE0D /* controllers */ = {
			isa = PBXGroup;
			children = (
				C069A1F71E98E7C000D678EC /* player */,
				C09C01C81E7183C20008AE0D /* baseClass */,
				C09C02561E80ED4E0008AE0D /* camera */,
				C09C02521E80ED410008AE0D /* album */,
			);
			path = controllers;
			sourceTree = "<group>";
		};
		C09C02521E80ED410008AE0D /* album */ = {
			isa = PBXGroup;
			children = (
				C0005CF01EB8AC6A006D6ADD /* AlbumVideoPickerController.h */,
				C0005CF11EB8AC6A006D6ADD /* AlbumVideoPickerController.m */,
			);
			path = album;
			sourceTree = "<group>";
		};
		C09C02561E80ED4E0008AE0D /* camera */ = {
			isa = PBXGroup;
			children = (
				C09C02571E80ED4E0008AE0D /* CameraDataController.h */,
				C09C02581E80ED4E0008AE0D /* CameraDataController.m */,
				C09C02591E80ED4E0008AE0D /* MainViewController.h */,
				C09C025A1E80ED4E0008AE0D /* MainViewController.m */,
				C0E7AC8C1EE3FEFA00769787 /* ImageProcessingDataController.h */,
				C0E7AC8D1EE3FEFA00769787 /* ImageProcessingDataController.m */,
			);
			path = camera;
			sourceTree = "<group>";
		};
		C09C025D1E80ED830008AE0D /* views */ = {
			isa = PBXGroup;
			children = (
				C09C025E1E80EDF80008AE0D /* camera */,
			);
			path = views;
			sourceTree = "<group>";
		};
		C09C025E1E80EDF80008AE0D /* camera */ = {
			isa = PBXGroup;
			children = (
				C09C02381E7ECC6E0008AE0D /* RecordButton.h */,
				C09C02391E7ECC6E0008AE0D /* RecordButton.m */,
				C09C025F1E80F14F0008AE0D /* DanmakuInputView.h */,
				C09C02601E80F14F0008AE0D /* DanmakuInputView.m */,
			);
			path = camera;
			sourceTree = "<group>";
		};
		C0E7AC7B1EE3065B00769787 /* interceptor */ = {
			isa = PBXGroup;
			children = (
				C0E7AC7D1EE3069300769787 /* PermissionInterceptor.h */,
				C0E7AC7E1EE3069300769787 /* PermissionInterceptor.m */,
			);
			path = interceptor;
			sourceTree = "<group>";
		};
/* End PBXGroup section */

/* Begin PBXNativeTarget section */
		C06B034B1D7BF9100031B49E /* openGLDemo */ = {
			isa = PBXNativeTarget;
			buildConfigurationList = C06B037C1D7BF9110031B49E /* Build configuration list for PBXNativeTarget "openGLDemo" */;
			buildPhases = (
				881A1CA80DD1119A2FAC6373 /* [CP] Check Pods Manifest.lock */,
				C06B03481D7BF9100031B49E /* Sources */,
				C06B03491D7BF9100031B49E /* Frameworks */,
				C06B034A1D7BF9100031B49E /* Resources */,
				C07EF2E31E6A718400039924 /* Embed App Extensions */,
				B66BB19FF8728524AD94D62D /* [CP] Embed Pods Frameworks */,
				650B4AD4D5FB94417DE964B7 /* [CP] Copy Pods Resources */,
			);
			buildRules = (
			);
			dependencies = (
			);
			name = openGLDemo;
			productName = openGLDemo;
			productReference = C06B034C1D7BF9100031B49E /* openGLDemo.app */;
			productType = "com.apple.product-type.application";
		};
		C06B03671D7BF9110031B49E /* openGLDemoTests */ = {
			isa = PBXNativeTarget;
			buildConfigurationList = C06B037F1D7BF9110031B49E /* Build configuration list for PBXNativeTarget "openGLDemoTests" */;
			buildPhases = (
				C06B03641D7BF9110031B49E /* Sources */,
				C06B03651D7BF9110031B49E /* Frameworks */,
				C06B03661D7BF9110031B49E /* Resources */,
			);
			buildRules = (
			);
			dependencies = (
				C06B036A1D7BF9110031B49E /* PBXTargetDependency */,
			);
			name = openGLDemoTests;
			productName = openGLDemoTests;
			productReference = C06B03681D7BF9110031B49E /* openGLDemoTests.xctest */;
			productType = "com.apple.product-type.bundle.unit-test";
		};
		C06B03721D7BF9110031B49E /* openGLDemoUITests */ = {
			isa = PBXNativeTarget;
			buildConfigurationList = C06B03821D7BF9110031B49E /* Build configuration list for PBXNativeTarget "openGLDemoUITests" */;
			buildPhases = (
				C06B036F1D7BF9110031B49E /* Sources */,
				C06B03701D7BF9110031B49E /* Frameworks */,
				C06B03711D7BF9110031B49E /* Resources */,
			);
			buildRules = (
			);
			dependencies = (
				C06B03751D7BF9110031B49E /* PBXTargetDependency */,
			);
			name = openGLDemoUITests;
			productName = openGLDemoUITests;
			productReference = C06B03731D7BF9110031B49E /* openGLDemoUITests.xctest */;
			productType = "com.apple.product-type.bundle.ui-testing";
		};
/* End PBXNativeTarget section */

/* Begin PBXProject section */
		C06B03441D7BF9100031B49E /* Project object */ = {
			isa = PBXProject;
			attributes = {
				LastUpgradeCheck = 0730;
				ORGANIZATIONNAME = dw_fangyang;
				TargetAttributes = {
					C06B034B1D7BF9100031B49E = {
						CreatedOnToolsVersion = 7.3.1;
						DevelopmentTeam = 8Z759VC4LS;
						DevelopmentTeamName = "Guangzhou AiShang culture media Co., Ltd.";
						ProvisioningStyle = Automatic;
						SystemCapabilities = {
							com.apple.BackgroundModes = {
								enabled = 0;
							};
						};
					};
					C06B03671D7BF9110031B49E = {
						CreatedOnToolsVersion = 7.3.1;
						TestTargetID = C06B034B1D7BF9100031B49E;
					};
					C06B03721D7BF9110031B49E = {
						CreatedOnToolsVersion = 7.3.1;
						TestTargetID = C06B034B1D7BF9100031B49E;
					};
				};
			};
			buildConfigurationList = C06B03471D7BF9100031B49E /* Build configuration list for PBXProject "openGLDemo" */;
			compatibilityVersion = "Xcode 3.2";
			developmentRegion = English;
			hasScannedForEncodings = 0;
			knownRegions = (
				en,
				Base,
			);
			mainGroup = C06B03431D7BF9100031B49E;
			productRefGroup = C06B034D1D7BF9100031B49E /* Products */;
			projectDirPath = "";
			projectReferences = (
				{
					ProductGroup = C0865A391DF154BC008C50DB /* Products */;
					ProjectRef = C0865A381DF154BC008C50DB /* GLImage.xcodeproj */;
				},
			);
			projectRoot = "";
			targets = (
				C06B034B1D7BF9100031B49E /* openGLDemo */,
				C06B03671D7BF9110031B49E /* openGLDemoTests */,
				C06B03721D7BF9110031B49E /* openGLDemoUITests */,
			);
		};
/* End PBXProject section */

/* Begin PBXReferenceProxy section */
		C0865A3D1DF154BC008C50DB /* libGLImage.a */ = {
			isa = PBXReferenceProxy;
			fileType = archive.ar;
			path = libGLImage.a;
			remoteRef = C0865A3C1DF154BC008C50DB /* PBXContainerItemProxy */;
			sourceTree = BUILT_PRODUCTS_DIR;
		};
/* End PBXReferenceProxy section */

/* Begin PBXResourcesBuildPhase section */
		C06B034A1D7BF9100031B49E /* Resources */ = {
			isa = PBXResourcesBuildPhase;
			buildActionMask = 2147483647;
			files = (
				C06B03621D7BF9100031B49E /* LaunchScreen.storyboard in Resources */,
				C06B035F1D7BF9100031B49E /* Assets.xcassets in Resources */,
				C06B035A1D7BF9100031B49E /* Main.storyboard in Resources */,
			);
			runOnlyForDeploymentPostprocessing = 0;
		};
		C06B03661D7BF9110031B49E /* Resources */ = {
			isa = PBXResourcesBuildPhase;
			buildActionMask = 2147483647;
			files = (
			);
			runOnlyForDeploymentPostprocessing = 0;
		};
		C06B03711D7BF9110031B49E /* Resources */ = {
			isa = PBXResourcesBuildPhase;
			buildActionMask = 2147483647;
			files = (
			);
			runOnlyForDeploymentPostprocessing = 0;
		};
/* End PBXResourcesBuildPhase section */

/* Begin PBXShellScriptBuildPhase section */
		650B4AD4D5FB94417DE964B7 /* [CP] Copy Pods Resources */ = {
			isa = PBXShellScriptBuildPhase;
			buildActionMask = 2147483647;
			files = (
			);
			inputPaths = (
			);
			name = "[CP] Copy Pods Resources";
			outputPaths = (
			);
			runOnlyForDeploymentPostprocessing = 0;
			shellPath = /bin/sh;
			shellScript = "\"${SRCROOT}/Pods/Target Support Files/Pods-openGLDemo/Pods-openGLDemo-resources.sh\"\n";
			showEnvVarsInLog = 0;
		};
		881A1CA80DD1119A2FAC6373 /* [CP] Check Pods Manifest.lock */ = {
			isa = PBXShellScriptBuildPhase;
			buildActionMask = 2147483647;
			files = (
			);
			inputPaths = (
			);
			name = "[CP] Check Pods Manifest.lock";
			outputPaths = (
			);
			runOnlyForDeploymentPostprocessing = 0;
			shellPath = /bin/sh;
			shellScript = "diff \"${PODS_ROOT}/../Podfile.lock\" \"${PODS_ROOT}/Manifest.lock\" > /dev/null\nif [ $? != 0 ] ; then\n    # print error to STDERR\n    echo \"error: The sandbox is not in sync with the Podfile.lock. Run 'pod install' or update your CocoaPods installation.\" >&2\n    exit 1\nfi\n";
			showEnvVarsInLog = 0;
		};
		B66BB19FF8728524AD94D62D /* [CP] Embed Pods Frameworks */ = {
			isa = PBXShellScriptBuildPhase;
			buildActionMask = 2147483647;
			files = (
			);
			inputPaths = (
			);
			name = "[CP] Embed Pods Frameworks";
			outputPaths = (
			);
			runOnlyForDeploymentPostprocessing = 0;
			shellPath = /bin/sh;
			shellScript = "\"${SRCROOT}/Pods/Target Support Files/Pods-openGLDemo/Pods-openGLDemo-frameworks.sh\"\n";
			showEnvVarsInLog = 0;
		};
/* End PBXShellScriptBuildPhase section */

/* Begin PBXSourcesBuildPhase section */
		C06B03481D7BF9100031B49E /* Sources */ = {
			isa = PBXSourcesBuildPhase;
			buildActionMask = 2147483647;
			files = (
				C069A1FB1E98E7F300D678EC /* VRPlayerViewController.m in Sources */,
				C0005CF21EB8AC6A006D6ADD /* AlbumVideoPickerController.m in Sources */,
				C0E7AC7F1EE3069400769787 /* PermissionInterceptor.m in Sources */,
				C09C025C1E80ED4E0008AE0D /* MainViewController.m in Sources */,
				C0573D121F1F883300AEA84F /* DbInstance.m in Sources */,
				C02BE9EE1EC34AF9001F9D88 /* ScreenToast.m in Sources */,
				C07EF3571E7028EE00039924 /* VideoEncoder.m in Sources */,
				C07EF3511E7028E300039924 /* UIImage+scaledToSize.m in Sources */,
				C08BFA181E03E997000BC6A5 /* GLBeautyPainter.m in Sources */,
				C0B5B51C1EB5E74D00EE08BB /* VrPlayerAudioDataController.m in Sources */,
				C09C020E1E7929320008AE0D /* Utility.m in Sources */,
				C07EF35E1E702D8300039924 /* videoCapturer.m in Sources */,
				C09C023A1E7ECC6E0008AE0D /* RecordButton.m in Sources */,
				C0573D0F1F1F808400AEA84F /* DatabaseManager.m in Sources */,
				C07EF3561E7028EE00039924 /* VideoDecoder.m in Sources */,
				C06B035D1D7BF9100031B49E /* openGLDemo.xcdatamodeld in Sources */,
				C06B038D1D7BF95B0031B49E /* openGLCubeView.m in Sources */,
				C090C8051F209E86008C28B2 /* DBResultSet.m in Sources */,
				C09C02611E80F14F0008AE0D /* DanmakuInputView.m in Sources */,
				C06B03541D7BF9100031B49E /* AppDelegate.m in Sources */,
				C09C025B1E80ED4E0008AE0D /* CameraDataController.m in Sources */,
				C09C02051E7810430008AE0D /* AudioCapturer.m in Sources */,
				C07E50911E9274800035F14E /* GLYUVPainter.m in Sources */,
				C09C01CB1E7183D90008AE0D /* dataController.m in Sources */,
				C069A1FE1E98EDE300D678EC /* GLVRPainter.m in Sources */,
				C09C01F91E7788E70008AE0D /* offScreenContext.m in Sources */,
				C0E7AC8E1EE3FEFA00769787 /* ImageProcessingDataController.m in Sources */,
				C06B03511D7BF9100031B49E /* main.m in Sources */,
			);
			runOnlyForDeploymentPostprocessing = 0;
		};
		C06B03641D7BF9110031B49E /* Sources */ = {
			isa = PBXSourcesBuildPhase;
			buildActionMask = 2147483647;
			files = (
				C06B036D1D7BF9110031B49E /* openGLDemoTests.m in Sources */,
			);
			runOnlyForDeploymentPostprocessing = 0;
		};
		C06B036F1D7BF9110031B49E /* Sources */ = {
			isa = PBXSourcesBuildPhase;
			buildActionMask = 2147483647;
			files = (
				C06B03781D7BF9110031B49E /* openGLDemoUITests.m in Sources */,
			);
			runOnlyForDeploymentPostprocessing = 0;
		};
/* End PBXSourcesBuildPhase section */

/* Begin PBXTargetDependency section */
		C06B036A1D7BF9110031B49E /* PBXTargetDependency */ = {
			isa = PBXTargetDependency;
			target = C06B034B1D7BF9100031B49E /* openGLDemo */;
			targetProxy = C06B03691D7BF9110031B49E /* PBXContainerItemProxy */;
		};
		C06B03751D7BF9110031B49E /* PBXTargetDependency */ = {
			isa = PBXTargetDependency;
			target = C06B034B1D7BF9100031B49E /* openGLDemo */;
			targetProxy = C06B03741D7BF9110031B49E /* PBXContainerItemProxy */;
		};
/* End PBXTargetDependency section */

/* Begin PBXVariantGroup section */
		C06B03581D7BF9100031B49E /* Main.storyboard */ = {
			isa = PBXVariantGroup;
			children = (
				C06B03591D7BF9100031B49E /* Base */,
			);
			name = Main.storyboard;
			sourceTree = "<group>";
		};
		C06B03601D7BF9100031B49E /* LaunchScreen.storyboard */ = {
			isa = PBXVariantGroup;
			children = (
				C06B03611D7BF9100031B49E /* Base */,
			);
			name = LaunchScreen.storyboard;
			sourceTree = "<group>";
		};
/* End PBXVariantGroup section */

/* Begin XCBuildConfiguration section */
		C06B037A1D7BF9110031B49E /* Debug */ = {
			isa = XCBuildConfiguration;
			buildSettings = {
				ALWAYS_SEARCH_USER_PATHS = NO;
				CLANG_ANALYZER_NONNULL = YES;
				CLANG_CXX_LANGUAGE_STANDARD = "gnu++0x";
				CLANG_CXX_LIBRARY = "libc++";
				CLANG_ENABLE_MODULES = YES;
				CLANG_ENABLE_OBJC_ARC = YES;
				CLANG_WARN_BOOL_CONVERSION = YES;
				CLANG_WARN_CONSTANT_CONVERSION = YES;
				CLANG_WARN_DIRECT_OBJC_ISA_USAGE = YES_ERROR;
				CLANG_WARN_EMPTY_BODY = YES;
				CLANG_WARN_ENUM_CONVERSION = YES;
				CLANG_WARN_INT_CONVERSION = YES;
				CLANG_WARN_OBJC_ROOT_CLASS = YES_ERROR;
				CLANG_WARN_UNREACHABLE_CODE = YES;
				CLANG_WARN__DUPLICATE_METHOD_MATCH = YES;
				"CODE_SIGN_IDENTITY[sdk=iphoneos*]" = "iPhone Developer";
				COPY_PHASE_STRIP = NO;
				DEBUG_INFORMATION_FORMAT = dwarf;
				ENABLE_STRICT_OBJC_MSGSEND = YES;
				ENABLE_TESTABILITY = YES;
				GCC_C_LANGUAGE_STANDARD = gnu99;
				GCC_DYNAMIC_NO_PIC = NO;
				GCC_NO_COMMON_BLOCKS = YES;
				GCC_OPTIMIZATION_LEVEL = 0;
				GCC_PREPROCESSOR_DEFINITIONS = (
					"DEBUG=1",
					"$(inherited)",
				);
				GCC_WARN_64_TO_32_BIT_CONVERSION = YES;
				GCC_WARN_ABOUT_RETURN_TYPE = YES_ERROR;
				GCC_WARN_UNDECLARED_SELECTOR = YES;
				GCC_WARN_UNINITIALIZED_AUTOS = YES_AGGRESSIVE;
				GCC_WARN_UNUSED_FUNCTION = YES;
				GCC_WARN_UNUSED_VARIABLE = YES;
				IPHONEOS_DEPLOYMENT_TARGET = 8.0;
				MTL_ENABLE_DEBUG_INFO = YES;
				ONLY_ACTIVE_ARCH = YES;
				SDKROOT = iphoneos;
			};
			name = Debug;
		};
		C06B037B1D7BF9110031B49E /* Release */ = {
			isa = XCBuildConfiguration;
			buildSettings = {
				ALWAYS_SEARCH_USER_PATHS = NO;
				CLANG_ANALYZER_NONNULL = YES;
				CLANG_CXX_LANGUAGE_STANDARD = "gnu++0x";
				CLANG_CXX_LIBRARY = "libc++";
				CLANG_ENABLE_MODULES = YES;
				CLANG_ENABLE_OBJC_ARC = YES;
				CLANG_WARN_BOOL_CONVERSION = YES;
				CLANG_WARN_CONSTANT_CONVERSION = YES;
				CLANG_WARN_DIRECT_OBJC_ISA_USAGE = YES_ERROR;
				CLANG_WARN_EMPTY_BODY = YES;
				CLANG_WARN_ENUM_CONVERSION = YES;
				CLANG_WARN_INT_CONVERSION = YES;
				CLANG_WARN_OBJC_ROOT_CLASS = YES_ERROR;
				CLANG_WARN_UNREACHABLE_CODE = YES;
				CLANG_WARN__DUPLICATE_METHOD_MATCH = YES;
				"CODE_SIGN_IDENTITY[sdk=iphoneos*]" = "iPhone Developer";
				COPY_PHASE_STRIP = NO;
				DEBUG_INFORMATION_FORMAT = "dwarf-with-dsym";
				ENABLE_NS_ASSERTIONS = NO;
				ENABLE_STRICT_OBJC_MSGSEND = YES;
				GCC_C_LANGUAGE_STANDARD = gnu99;
				GCC_NO_COMMON_BLOCKS = YES;
				GCC_WARN_64_TO_32_BIT_CONVERSION = YES;
				GCC_WARN_ABOUT_RETURN_TYPE = YES_ERROR;
				GCC_WARN_UNDECLARED_SELECTOR = YES;
				GCC_WARN_UNINITIALIZED_AUTOS = YES_AGGRESSIVE;
				GCC_WARN_UNUSED_FUNCTION = YES;
				GCC_WARN_UNUSED_VARIABLE = YES;
				IPHONEOS_DEPLOYMENT_TARGET = 8.0;
				MTL_ENABLE_DEBUG_INFO = NO;
				ONLY_ACTIVE_ARCH = YES;
				SDKROOT = iphoneos;
				VALIDATE_PRODUCT = YES;
			};
			name = Release;
		};
		C06B037D1D7BF9110031B49E /* Debug */ = {
			isa = XCBuildConfiguration;
			baseConfigurationReference = 2570A338E2F941762DC91856 /* Pods-openGLDemo.debug.xcconfig */;
			buildSettings = {
				ASSETCATALOG_COMPILER_APPICON_NAME = AppIcon;
				"CODE_SIGN_IDENTITY[sdk=iphoneos*]" = "iPhone Developer";
				DEVELOPMENT_TEAM = 8Z759VC4LS;
				ENABLE_BITCODE = YES;
				GCC_PRECOMPILE_PREFIX_HEADER = YES;
				GCC_PREFIX_HEADER = "$(SRCROOT)/$(PROJECT_NAME)/openGLDemo-Prefix.pch";
				HEADER_SEARCH_PATHS = (
					"$(inherited)/**",
					/Users/fangyang/GitHub/GLImage/GLImage,
				);
				INFOPLIST_FILE = openGLDemo/Info.plist;
				IPHONEOS_DEPLOYMENT_TARGET = 8.0;
				LD_RUNPATH_SEARCH_PATHS = "$(inherited) @executable_path/Frameworks";
				LIBRARY_SEARCH_PATHS = (
					"$(inherited)",
					"$(PROJECT_DIR)/build/Release-iphoneos",
					"$(SYSTEM_LIBRARY_DIR)/Tcl/sqlite3",
				);
				ONLY_ACTIVE_ARCH = NO;
				OTHER_CFLAGS = (
					"-DSQLITE_HAS_CODEC",
					"$(inherited)",
					"-isystem",
					"\"${PODS_ROOT}/Headers/Public\"",
					"-isystem",
					"\"${PODS_ROOT}/Headers/Public/Bugly\"",
				);
				PRECOMPS_INCLUDE_HEADERS_FROM_BUILT_PRODUCTS_DIR = YES;
				PRODUCT_BUNDLE_IDENTIFIER = com.jeffjuliet.danmakucamera;
				PRODUCT_NAME = "$(TARGET_NAME)";
			};
			name = Debug;
		};
		C06B037E1D7BF9110031B49E /* Release */ = {
			isa = XCBuildConfiguration;
			baseConfigurationReference = 071C8852D888E1AAF6A766D3 /* Pods-openGLDemo.release.xcconfig */;
			buildSettings = {
				ASSETCATALOG_COMPILER_APPICON_NAME = AppIcon;
				"CODE_SIGN_IDENTITY[sdk=iphoneos*]" = "iPhone Developer";
				DEVELOPMENT_TEAM = 8Z759VC4LS;
				ENABLE_BITCODE = YES;
				GCC_PRECOMPILE_PREFIX_HEADER = YES;
				GCC_PREFIX_HEADER = "$(SRCROOT)/$(PROJECT_NAME)/openGLDemo-Prefix.pch";
				HEADER_SEARCH_PATHS = (
					"$(inherited)/**",
					/Users/fangyang/GitHub/GLImage/GLImage,
				);
				INFOPLIST_FILE = openGLDemo/Info.plist;
				IPHONEOS_DEPLOYMENT_TARGET = 8.0;
				LD_RUNPATH_SEARCH_PATHS = "$(inherited) @executable_path/Frameworks";
				LIBRARY_SEARCH_PATHS = (
					"$(inherited)",
					"$(PROJECT_DIR)/build/Release-iphoneos",
					"$(SYSTEM_LIBRARY_DIR)/Tcl/sqlite3",
				);
				ONLY_ACTIVE_ARCH = NO;
				OTHER_CFLAGS = (
					"-DSQLITE_HAS_CODEC",
					"$(inherited)",
					"-isystem",
					"\"${PODS_ROOT}/Headers/Public\"",
					"-isystem",
					"\"${PODS_ROOT}/Headers/Public/Bugly\"",
				);
				PRECOMPS_INCLUDE_HEADERS_FROM_BUILT_PRODUCTS_DIR = YES;
				PRODUCT_BUNDLE_IDENTIFIER = com.jeffjuliet.danmakucamera;
				PRODUCT_NAME = "$(TARGET_NAME)";
				PROVISIONING_PROFILE = "";
				PROVISIONING_PROFILE_SPECIFIER = "";
			};
			name = Release;
		};
		C06B03801D7BF9110031B49E /* Debug */ = {
			isa = XCBuildConfiguration;
			buildSettings = {
				BUNDLE_LOADER = "$(TEST_HOST)";
				INFOPLIST_FILE = openGLDemoTests/Info.plist;
				LD_RUNPATH_SEARCH_PATHS = "$(inherited) @executable_path/Frameworks @loader_path/Frameworks";
				PRODUCT_BUNDLE_IDENTIFIER = test.openGLDemoTests;
				PRODUCT_NAME = "$(TARGET_NAME)";
				TEST_HOST = "$(BUILT_PRODUCTS_DIR)/openGLDemo.app/openGLDemo";
			};
			name = Debug;
		};
		C06B03811D7BF9110031B49E /* Release */ = {
			isa = XCBuildConfiguration;
			buildSettings = {
				BUNDLE_LOADER = "$(TEST_HOST)";
				INFOPLIST_FILE = openGLDemoTests/Info.plist;
				LD_RUNPATH_SEARCH_PATHS = "$(inherited) @executable_path/Frameworks @loader_path/Frameworks";
				PRODUCT_BUNDLE_IDENTIFIER = test.openGLDemoTests;
				PRODUCT_NAME = "$(TARGET_NAME)";
				TEST_HOST = "$(BUILT_PRODUCTS_DIR)/openGLDemo.app/openGLDemo";
			};
			name = Release;
		};
		C06B03831D7BF9110031B49E /* Debug */ = {
			isa = XCBuildConfiguration;
			buildSettings = {
				INFOPLIST_FILE = openGLDemoUITests/Info.plist;
				LD_RUNPATH_SEARCH_PATHS = "$(inherited) @executable_path/Frameworks @loader_path/Frameworks";
				PRODUCT_BUNDLE_IDENTIFIER = test.openGLDemoUITests;
				PRODUCT_NAME = "$(TARGET_NAME)";
				TEST_TARGET_NAME = openGLDemo;
			};
			name = Debug;
		};
		C06B03841D7BF9110031B49E /* Release */ = {
			isa = XCBuildConfiguration;
			buildSettings = {
				INFOPLIST_FILE = openGLDemoUITests/Info.plist;
				LD_RUNPATH_SEARCH_PATHS = "$(inherited) @executable_path/Frameworks @loader_path/Frameworks";
				PRODUCT_BUNDLE_IDENTIFIER = test.openGLDemoUITests;
				PRODUCT_NAME = "$(TARGET_NAME)";
				TEST_TARGET_NAME = openGLDemo;
			};
			name = Release;
		};
/* End XCBuildConfiguration section */

/* Begin XCConfigurationList section */
		C06B03471D7BF9100031B49E /* Build configuration list for PBXProject "openGLDemo" */ = {
			isa = XCConfigurationList;
			buildConfigurations = (
				C06B037A1D7BF9110031B49E /* Debug */,
				C06B037B1D7BF9110031B49E /* Release */,
			);
			defaultConfigurationIsVisible = 0;
			defaultConfigurationName = Release;
		};
		C06B037C1D7BF9110031B49E /* Build configuration list for PBXNativeTarget "openGLDemo" */ = {
			isa = XCConfigurationList;
			buildConfigurations = (
				C06B037D1D7BF9110031B49E /* Debug */,
				C06B037E1D7BF9110031B49E /* Release */,
			);
			defaultConfigurationIsVisible = 0;
			defaultConfigurationName = Release;
		};
		C06B037F1D7BF9110031B49E /* Build configuration list for PBXNativeTarget "openGLDemoTests" */ = {
			isa = XCConfigurationList;
			buildConfigurations = (
				C06B03801D7BF9110031B49E /* Debug */,
				C06B03811D7BF9110031B49E /* Release */,
			);
			defaultConfigurationIsVisible = 0;
			defaultConfigurationName = Release;
		};
		C06B03821D7BF9110031B49E /* Build configuration list for PBXNativeTarget "openGLDemoUITests" */ = {
			isa = XCConfigurationList;
			buildConfigurations = (
				C06B03831D7BF9110031B49E /* Debug */,
				C06B03841D7BF9110031B49E /* Release */,
			);
			defaultConfigurationIsVisible = 0;
			defaultConfigurationName = Release;
		};
/* End XCConfigurationList section */

/* Begin XCVersionGroup section */
		C06B035B1D7BF9100031B49E /* openGLDemo.xcdatamodeld */ = {
			isa = XCVersionGroup;
			children = (
				C06B035C1D7BF9100031B49E /* openGLDemo.xcdatamodel */,
			);
			currentVersion = C06B035C1D7BF9100031B49E /* openGLDemo.xcdatamodel */;
			path = openGLDemo.xcdatamodeld;
			sourceTree = "<group>";
			versionGroupType = wrapper.xcdatamodel;
		};
/* End XCVersionGroup section */
	};
	rootObject = C06B03441D7BF9100031B49E /* Project object */;
}
